// !$*UTF8*$!
{
	archiveVersion = 1;
	classes = {
	};
	objectVersion = 50;
	objects = {

/* Begin PBXBuildFile section */
		72C7BC3E21F03B1100F3E7B4 /* AppDelegate.swift in Sources */ = {isa = PBXBuildFile; fileRef = 72C7BC3D21F03B1100F3E7B4 /* AppDelegate.swift */; };
		72C7BC4021F03B1100F3E7B4 /* ViewController.swift in Sources */ = {isa = PBXBuildFile; fileRef = 72C7BC3F21F03B1100F3E7B4 /* ViewController.swift */; };
		72C7BC4521F03B1300F3E7B4 /* Assets.xcassets in Resources */ = {isa = PBXBuildFile; fileRef = 72C7BC4421F03B1300F3E7B4 /* Assets.xcassets */; };
		72C7BC4821F03B1300F3E7B4 /* LaunchScreen.storyboard in Resources */ = {isa = PBXBuildFile; fileRef = 72C7BC4621F03B1300F3E7B4 /* LaunchScreen.storyboard */; };
		72C7BC5021F03BA200F3E7B4 /* ConstraintExtension.swift in Sources */ = {isa = PBXBuildFile; fileRef = 72C7BC4F21F03BA200F3E7B4 /* ConstraintExtension.swift */; };
		72C7BC5921F03C9200F3E7B4 /* TaxiOrdersTableViewCell.swift in Sources */ = {isa = PBXBuildFile; fileRef = 72C7BC5221F03C9200F3E7B4 /* TaxiOrdersTableViewCell.swift */; };
		72C7BC5A21F03C9200F3E7B4 /* TaxiOrdersViewModel.swift in Sources */ = {isa = PBXBuildFile; fileRef = 72C7BC5321F03C9200F3E7B4 /* TaxiOrdersViewModel.swift */; };
		72C7BC5B21F03C9200F3E7B4 /* MyChats.swift in Sources */ = {isa = PBXBuildFile; fileRef = 72C7BC5421F03C9200F3E7B4 /* MyChats.swift */; };
		72C7BC5C21F03C9200F3E7B4 /* TaxiOrdersDetailOrderId.swift in Sources */ = {isa = PBXBuildFile; fileRef = 72C7BC5521F03C9200F3E7B4 /* TaxiOrdersDetailOrderId.swift */; };
		72C7BC5D21F03C9200F3E7B4 /* GetChatOrders.swift in Sources */ = {isa = PBXBuildFile; fileRef = 72C7BC5621F03C9200F3E7B4 /* GetChatOrders.swift */; };
		72C7BC5E21F03C9200F3E7B4 /* TaxiOrdersTableViewController.swift in Sources */ = {isa = PBXBuildFile; fileRef = 72C7BC5721F03C9200F3E7B4 /* TaxiOrdersTableViewController.swift */; };
		72C7BC5F21F03C9200F3E7B4 /* ChatOrderStructure.swift in Sources */ = {isa = PBXBuildFile; fileRef = 72C7BC5821F03C9200F3E7B4 /* ChatOrderStructure.swift */; };
		72C7BC6121F03CDC00F3E7B4 /* SimpleSegment.swift in Sources */ = {isa = PBXBuildFile; fileRef = 72C7BC6021F03CDC00F3E7B4 /* SimpleSegment.swift */; };
		72C7BC6321F03D2F00F3E7B4 /* SampleUi.swift in Sources */ = {isa = PBXBuildFile; fileRef = 72C7BC6221F03D2F00F3E7B4 /* SampleUi.swift */; };
		72C7BC6521F03DBC00F3E7B4 /* GetDistance.swift in Sources */ = {isa = PBXBuildFile; fileRef = 72C7BC6421F03DBC00F3E7B4 /* GetDistance.swift */; };
		72C7BC6721F03DDB00F3E7B4 /* DistanceModule.swift in Sources */ = {isa = PBXBuildFile; fileRef = 72C7BC6621F03DDB00F3E7B4 /* DistanceModule.swift */; };
		72C7BC6921F03E0100F3E7B4 /* GeoCoding.swift in Sources */ = {isa = PBXBuildFile; fileRef = 72C7BC6821F03E0100F3E7B4 /* GeoCoding.swift */; };
		72C7BC6B21F03E2200F3E7B4 /* GeoCode.swift in Sources */ = {isa = PBXBuildFile; fileRef = 72C7BC6A21F03E2200F3E7B4 /* GeoCode.swift */; };
		72C7BC6D21F03E3F00F3E7B4 /* GeocodeModule.swift in Sources */ = {isa = PBXBuildFile; fileRef = 72C7BC6C21F03E3F00F3E7B4 /* GeocodeModule.swift */; };
		72C7BC6F21F03EAA00F3E7B4 /* CheckChats.swift in Sources */ = {isa = PBXBuildFile; fileRef = 72C7BC6E21F03EAA00F3E7B4 /* CheckChats.swift */; };
		72C7BC7121F0434E00F3E7B4 /* TaxiOrdersView.swift in Sources */ = {isa = PBXBuildFile; fileRef = 72C7BC7021F0434E00F3E7B4 /* TaxiOrdersView.swift */; };
		856382713873F1B2F8465C1B /* Pods_ChyngizCodeSample.framework in Frameworks */ = {isa = PBXBuildFile; fileRef = 5226CE31B86E1067B61AFF1B /* Pods_ChyngizCodeSample.framework */; };
/* End PBXBuildFile section */

/* Begin PBXFileReference section */
		2B663E9DB94683D5E73D0ACE /* Pods-ChyngizCodeSample.release.xcconfig */ = {isa = PBXFileReference; includeInIndex = 1; lastKnownFileType = text.xcconfig; name = "Pods-ChyngizCodeSample.release.xcconfig"; path = "Pods/Target Support Files/Pods-ChyngizCodeSample/Pods-ChyngizCodeSample.release.xcconfig"; sourceTree = "<group>"; };
		4B3D77FF561A661056F580FB /* Pods-ChyngizCodeSample.debug.xcconfig */ = {isa = PBXFileReference; includeInIndex = 1; lastKnownFileType = text.xcconfig; name = "Pods-ChyngizCodeSample.debug.xcconfig"; path = "Pods/Target Support Files/Pods-ChyngizCodeSample/Pods-ChyngizCodeSample.debug.xcconfig"; sourceTree = "<group>"; };
		5226CE31B86E1067B61AFF1B /* Pods_ChyngizCodeSample.framework */ = {isa = PBXFileReference; explicitFileType = wrapper.framework; includeInIndex = 0; path = Pods_ChyngizCodeSample.framework; sourceTree = BUILT_PRODUCTS_DIR; };
		72C7BC3A21F03B1100F3E7B4 /* ChyngizCodeSample.app */ = {isa = PBXFileReference; explicitFileType = wrapper.application; includeInIndex = 0; path = ChyngizCodeSample.app; sourceTree = BUILT_PRODUCTS_DIR; };
		72C7BC3D21F03B1100F3E7B4 /* AppDelegate.swift */ = {isa = PBXFileReference; lastKnownFileType = sourcecode.swift; path = AppDelegate.swift; sourceTree = "<group>"; };
		72C7BC3F21F03B1100F3E7B4 /* ViewController.swift */ = {isa = PBXFileReference; lastKnownFileType = sourcecode.swift; path = ViewController.swift; sourceTree = "<group>"; };
		72C7BC4421F03B1300F3E7B4 /* Assets.xcassets */ = {isa = PBXFileReference; lastKnownFileType = folder.assetcatalog; path = Assets.xcassets; sourceTree = "<group>"; };
		72C7BC4721F03B1300F3E7B4 /* Base */ = {isa = PBXFileReference; lastKnownFileType = file.storyboard; name = Base; path = Base.lproj/LaunchScreen.storyboard; sourceTree = "<group>"; };
		72C7BC4921F03B1300F3E7B4 /* Info.plist */ = {isa = PBXFileReference; lastKnownFileType = text.plist.xml; path = Info.plist; sourceTree = "<group>"; };
		72C7BC4F21F03BA200F3E7B4 /* ConstraintExtension.swift */ = {isa = PBXFileReference; fileEncoding = 4; lastKnownFileType = sourcecode.swift; path = ConstraintExtension.swift; sourceTree = "<group>"; };
		72C7BC5221F03C9200F3E7B4 /* TaxiOrdersTableViewCell.swift */ = {isa = PBXFileReference; fileEncoding = 4; lastKnownFileType = sourcecode.swift; path = TaxiOrdersTableViewCell.swift; sourceTree = "<group>"; };
		72C7BC5321F03C9200F3E7B4 /* TaxiOrdersViewModel.swift */ = {isa = PBXFileReference; fileEncoding = 4; lastKnownFileType = sourcecode.swift; path = TaxiOrdersViewModel.swift; sourceTree = "<group>"; };
		72C7BC5421F03C9200F3E7B4 /* MyChats.swift */ = {isa = PBXFileReference; fileEncoding = 4; lastKnownFileType = sourcecode.swift; path = MyChats.swift; sourceTree = "<group>"; };
		72C7BC5521F03C9200F3E7B4 /* TaxiOrdersDetailOrderId.swift */ = {isa = PBXFileReference; fileEncoding = 4; lastKnownFileType = sourcecode.swift; path = TaxiOrdersDetailOrderId.swift; sourceTree = "<group>"; };
		72C7BC5621F03C9200F3E7B4 /* GetChatOrders.swift */ = {isa = PBXFileReference; fileEncoding = 4; lastKnownFileType = sourcecode.swift; path = GetChatOrders.swift; sourceTree = "<group>"; };
		72C7BC5721F03C9200F3E7B4 /* TaxiOrdersTableViewController.swift */ = {isa = PBXFileReference; fileEncoding = 4; lastKnownFileType = sourcecode.swift; path = TaxiOrdersTableViewController.swift; sourceTree = "<group>"; };
		72C7BC5821F03C9200F3E7B4 /* ChatOrderStructure.swift */ = {isa = PBXFileReference; fileEncoding = 4; lastKnownFileType = sourcecode.swift; path = ChatOrderStructure.swift; sourceTree = "<group>"; };
		72C7BC6021F03CDC00F3E7B4 /* SimpleSegment.swift */ = {isa = PBXFileReference; fileEncoding = 4; lastKnownFileType = sourcecode.swift; path = SimpleSegment.swift; sourceTree = "<group>"; };
		72C7BC6221F03D2F00F3E7B4 /* SampleUi.swift */ = {isa = PBXFileReference; lastKnownFileType = sourcecode.swift; path = SampleUi.swift; sourceTree = "<group>"; };
		72C7BC6421F03DBC00F3E7B4 /* GetDistance.swift */ = {isa = PBXFileReference; lastKnownFileType = sourcecode.swift; path = GetDistance.swift; sourceTree = "<group>"; };
		72C7BC6621F03DDB00F3E7B4 /* DistanceModule.swift */ = {isa = PBXFileReference; lastKnownFileType = sourcecode.swift; path = DistanceModule.swift; sourceTree = "<group>"; };
		72C7BC6821F03E0100F3E7B4 /* GeoCoding.swift */ = {isa = PBXFileReference; lastKnownFileType = sourcecode.swift; path = GeoCoding.swift; sourceTree = "<group>"; };
		72C7BC6A21F03E2200F3E7B4 /* GeoCode.swift */ = {isa = PBXFileReference; lastKnownFileType = sourcecode.swift; path = GeoCode.swift; sourceTree = "<group>"; };
		72C7BC6C21F03E3F00F3E7B4 /* GeocodeModule.swift */ = {isa = PBXFileReference; lastKnownFileType = sourcecode.swift; path = GeocodeModule.swift; sourceTree = "<group>"; };
		72C7BC6E21F03EAA00F3E7B4 /* CheckChats.swift */ = {isa = PBXFileReference; lastKnownFileType = sourcecode.swift; path = CheckChats.swift; sourceTree = "<group>"; };
		72C7BC7021F0434E00F3E7B4 /* TaxiOrdersView.swift */ = {isa = PBXFileReference; lastKnownFileType = sourcecode.swift; path = TaxiOrdersView.swift; sourceTree = "<group>"; };
/* End PBXFileReference section */

/* Begin PBXFrameworksBuildPhase section */
		72C7BC3721F03B1100F3E7B4 /* Frameworks */ = {
			isa = PBXFrameworksBuildPhase;
			buildActionMask = 2147483647;
			files = (
				856382713873F1B2F8465C1B /* Pods_ChyngizCodeSample.framework in Frameworks */,
			);
			runOnlyForDeploymentPostprocessing = 0;
		};
/* End PBXFrameworksBuildPhase section */

/* Begin PBXGroup section */
		72C7BC3121F03B1100F3E7B4 = {
			isa = PBXGroup;
			children = (
				72C7BC3C21F03B1100F3E7B4 /* ChyngizCodeSample */,
				72C7BC3B21F03B1100F3E7B4 /* Products */,
				8F06770B21FA5EEFFD8D172B /* Pods */,
				C0B1981129BB7C64F343A37B /* Frameworks */,
			);
			sourceTree = "<group>";
		};
		72C7BC3B21F03B1100F3E7B4 /* Products */ = {
			isa = PBXGroup;
			children = (
				72C7BC3A21F03B1100F3E7B4 /* ChyngizCodeSample.app */,
			);
			name = Products;
			sourceTree = "<group>";
		};
		72C7BC3C21F03B1100F3E7B4 /* ChyngizCodeSample */ = {
			isa = PBXGroup;
			children = (
				72C7BC3D21F03B1100F3E7B4 /* AppDelegate.swift */,
				72C7BC3F21F03B1100F3E7B4 /* ViewController.swift */,
				72C7BC6421F03DBC00F3E7B4 /* GetDistance.swift */,
				72C7BC6821F03E0100F3E7B4 /* GeoCoding.swift */,
				72C7BC6A21F03E2200F3E7B4 /* GeoCode.swift */,
				72C7BC6C21F03E3F00F3E7B4 /* GeocodeModule.swift */,
				72C7BC6621F03DDB00F3E7B4 /* DistanceModule.swift */,
				72C7BC6E21F03EAA00F3E7B4 /* CheckChats.swift */,
				72C7BC5121F03C9200F3E7B4 /* TaxiOrders */,
				72C7BC4F21F03BA200F3E7B4 /* ConstraintExtension.swift */,
				72C7BC4421F03B1300F3E7B4 /* Assets.xcassets */,
				72C7BC4621F03B1300F3E7B4 /* LaunchScreen.storyboard */,
				72C7BC4921F03B1300F3E7B4 /* Info.plist */,
			);
			path = ChyngizCodeSample;
			sourceTree = "<group>";
		};
		72C7BC5121F03C9200F3E7B4 /* TaxiOrders */ = {
			isa = PBXGroup;
			children = (
				72C7BC5221F03C9200F3E7B4 /* TaxiOrdersTableViewCell.swift */,
				72C7BC7021F0434E00F3E7B4 /* TaxiOrdersView.swift */,
				72C7BC5321F03C9200F3E7B4 /* TaxiOrdersViewModel.swift */,
				72C7BC5421F03C9200F3E7B4 /* MyChats.swift */,
				72C7BC6221F03D2F00F3E7B4 /* SampleUi.swift */,
				72C7BC5521F03C9200F3E7B4 /* TaxiOrdersDetailOrderId.swift */,
				72C7BC5621F03C9200F3E7B4 /* GetChatOrders.swift */,
				72C7BC5721F03C9200F3E7B4 /* TaxiOrdersTableViewController.swift */,
				72C7BC6021F03CDC00F3E7B4 /* SimpleSegment.swift */,
				72C7BC5821F03C9200F3E7B4 /* ChatOrderStructure.swift */,
			);
			path = TaxiOrders;
			sourceTree = "<group>";
		};
		8F06770B21FA5EEFFD8D172B /* Pods */ = {
			isa = PBXGroup;
			children = (
				4B3D77FF561A661056F580FB /* Pods-ChyngizCodeSample.debug.xcconfig */,
				2B663E9DB94683D5E73D0ACE /* Pods-ChyngizCodeSample.release.xcconfig */,
			);
			name = Pods;
			sourceTree = "<group>";
		};
		C0B1981129BB7C64F343A37B /* Frameworks */ = {
			isa = PBXGroup;
			children = (
				5226CE31B86E1067B61AFF1B /* Pods_ChyngizCodeSample.framework */,
			);
			name = Frameworks;
			sourceTree = "<group>";
		};
/* End PBXGroup section */

/* Begin PBXNativeTarget section */
		72C7BC3921F03B1100F3E7B4 /* ChyngizCodeSample */ = {
			isa = PBXNativeTarget;
			buildConfigurationList = 72C7BC4C21F03B1300F3E7B4 /* Build configuration list for PBXNativeTarget "ChyngizCodeSample" */;
			buildPhases = (
				849D644429C5739B2CDDA40D /* [CP] Check Pods Manifest.lock */,
				72C7BC3621F03B1100F3E7B4 /* Sources */,
				72C7BC3721F03B1100F3E7B4 /* Frameworks */,
				72C7BC3821F03B1100F3E7B4 /* Resources */,
				C40C8330E6A5810B23D794A3 /* [CP] Embed Pods Frameworks */,
				589AA1C1FE8B236E25023D1A /* [CP] Copy Pods Resources */,
			);
			buildRules = (
			);
			dependencies = (
			);
			name = ChyngizCodeSample;
			productName = ChyngizCodeSample;
			productReference = 72C7BC3A21F03B1100F3E7B4 /* ChyngizCodeSample.app */;
			productType = "com.apple.product-type.application";
		};
/* End PBXNativeTarget section */

/* Begin PBXProject section */
		72C7BC3221F03B1100F3E7B4 /* Project object */ = {
			isa = PBXProject;
			attributes = {
				LastSwiftUpdateCheck = 1010;
				LastUpgradeCheck = 1010;
				ORGANIZATIONNAME = "Чингиз";
				TargetAttributes = {
					72C7BC3921F03B1100F3E7B4 = {
						CreatedOnToolsVersion = 10.1;
					};
				};
			};
			buildConfigurationList = 72C7BC3521F03B1100F3E7B4 /* Build configuration list for PBXProject "ChyngizCodeSample" */;
			compatibilityVersion = "Xcode 9.3";
			developmentRegion = en;
			hasScannedForEncodings = 0;
			knownRegions = (
				en,
				Base,
			);
			mainGroup = 72C7BC3121F03B1100F3E7B4;
			productRefGroup = 72C7BC3B21F03B1100F3E7B4 /* Products */;
			projectDirPath = "";
			projectRoot = "";
			targets = (
				72C7BC3921F03B1100F3E7B4 /* ChyngizCodeSample */,
			);
		};
/* End PBXProject section */

/* Begin PBXResourcesBuildPhase section */
		72C7BC3821F03B1100F3E7B4 /* Resources */ = {
			isa = PBXResourcesBuildPhase;
			buildActionMask = 2147483647;
			files = (
				72C7BC4821F03B1300F3E7B4 /* LaunchScreen.storyboard in Resources */,
				72C7BC4521F03B1300F3E7B4 /* Assets.xcassets in Resources */,
			);
			runOnlyForDeploymentPostprocessing = 0;
		};
/* End PBXResourcesBuildPhase section */

/* Begin PBXShellScriptBuildPhase section */
		589AA1C1FE8B236E25023D1A /* [CP] Copy Pods Resources */ = {
			isa = PBXShellScriptBuildPhase;
			buildActionMask = 2147483647;
			files = (
			);
			inputPaths = (
				"${SRCROOT}/Pods/Target Support Files/Pods-ChyngizCodeSample/Pods-ChyngizCodeSample-resources.sh",
				"${PODS_ROOT}/GoogleMaps/Maps/Frameworks/GoogleMaps.framework/Resources/GoogleMaps.bundle",
				"${PODS_ROOT}/GooglePlacePicker/Frameworks/GooglePlacePicker.framework/Resources/GooglePlacePicker.bundle",
				"${PODS_ROOT}/GooglePlaces/Frameworks/GooglePlaces.framework/Resources/GooglePlaces.bundle",
			);
			name = "[CP] Copy Pods Resources";
			outputPaths = (
				"${TARGET_BUILD_DIR}/${UNLOCALIZED_RESOURCES_FOLDER_PATH}/GoogleMaps.bundle",
				"${TARGET_BUILD_DIR}/${UNLOCALIZED_RESOURCES_FOLDER_PATH}/GooglePlacePicker.bundle",
				"${TARGET_BUILD_DIR}/${UNLOCALIZED_RESOURCES_FOLDER_PATH}/GooglePlaces.bundle",
			);
			runOnlyForDeploymentPostprocessing = 0;
			shellPath = /bin/sh;
			shellScript = "\"${SRCROOT}/Pods/Target Support Files/Pods-ChyngizCodeSample/Pods-ChyngizCodeSample-resources.sh\"\n";
			showEnvVarsInLog = 0;
		};
		849D644429C5739B2CDDA40D /* [CP] Check Pods Manifest.lock */ = {
			isa = PBXShellScriptBuildPhase;
			buildActionMask = 2147483647;
			files = (
			);
			inputPaths = (
				"${PODS_PODFILE_DIR_PATH}/Podfile.lock",
				"${PODS_ROOT}/Manifest.lock",
			);
			name = "[CP] Check Pods Manifest.lock";
			outputPaths = (
				"$(DERIVED_FILE_DIR)/Pods-ChyngizCodeSample-checkManifestLockResult.txt",
			);
			runOnlyForDeploymentPostprocessing = 0;
			shellPath = /bin/sh;
			shellScript = "diff \"${PODS_PODFILE_DIR_PATH}/Podfile.lock\" \"${PODS_ROOT}/Manifest.lock\" > /dev/null\nif [ $? != 0 ] ; then\n    # print error to STDERR\n    echo \"error: The sandbox is not in sync with the Podfile.lock. Run 'pod install' or update your CocoaPods installation.\" >&2\n    exit 1\nfi\n# This output is used by Xcode 'outputs' to avoid re-running this script phase.\necho \"SUCCESS\" > \"${SCRIPT_OUTPUT_FILE_0}\"\n";
			showEnvVarsInLog = 0;
		};
		C40C8330E6A5810B23D794A3 /* [CP] Embed Pods Frameworks */ = {
			isa = PBXShellScriptBuildPhase;
			buildActionMask = 2147483647;
			files = (
			);
			inputPaths = (
				"${SRCROOT}/Pods/Target Support Files/Pods-ChyngizCodeSample/Pods-ChyngizCodeSample-frameworks.sh",
				"${BUILT_PRODUCTS_DIR}/Alamofire/Alamofire.framework",
				"${BUILT_PRODUCTS_DIR}/SwiftyJSON/SwiftyJSON.framework",
			);
			name = "[CP] Embed Pods Frameworks";
			outputPaths = (
				"${TARGET_BUILD_DIR}/${FRAMEWORKS_FOLDER_PATH}/Alamofire.framework",
				"${TARGET_BUILD_DIR}/${FRAMEWORKS_FOLDER_PATH}/SwiftyJSON.framework",
			);
			runOnlyForDeploymentPostprocessing = 0;
			shellPath = /bin/sh;
			shellScript = "\"${SRCROOT}/Pods/Target Support Files/Pods-ChyngizCodeSample/Pods-ChyngizCodeSample-frameworks.sh\"\n";
			showEnvVarsInLog = 0;
		};
/* End PBXShellScriptBuildPhase section */

/* Begin PBXSourcesBuildPhase section */
		72C7BC3621F03B1100F3E7B4 /* Sources */ = {
			isa = PBXSourcesBuildPhase;
			buildActionMask = 2147483647;
			files = (
				72C7BC5F21F03C9200F3E7B4 /* ChatOrderStructure.swift in Sources */,
				72C7BC5921F03C9200F3E7B4 /* TaxiOrdersTableViewCell.swift in Sources */,
				72C7BC5A21F03C9200F3E7B4 /* TaxiOrdersViewModel.swift in Sources */,
				72C7BC5021F03BA200F3E7B4 /* ConstraintExtension.swift in Sources */,
				72C7BC6F21F03EAA00F3E7B4 /* CheckChats.swift in Sources */,
				72C7BC5B21F03C9200F3E7B4 /* MyChats.swift in Sources */,
				72C7BC4021F03B1100F3E7B4 /* ViewController.swift in Sources */,
				72C7BC6721F03DDB00F3E7B4 /* DistanceModule.swift in Sources */,
				72C7BC6921F03E0100F3E7B4 /* GeoCoding.swift in Sources */,
				72C7BC5D21F03C9200F3E7B4 /* GetChatOrders.swift in Sources */,
				72C7BC6D21F03E3F00F3E7B4 /* GeocodeModule.swift in Sources */,
				72C7BC5E21F03C9200F3E7B4 /* TaxiOrdersTableViewController.swift in Sources */,
				72C7BC6121F03CDC00F3E7B4 /* SimpleSegment.swift in Sources */,
				72C7BC6321F03D2F00F3E7B4 /* SampleUi.swift in Sources */,
				72C7BC3E21F03B1100F3E7B4 /* AppDelegate.swift in Sources */,
				72C7BC5C21F03C9200F3E7B4 /* TaxiOrdersDetailOrderId.swift in Sources */,
				72C7BC6B21F03E2200F3E7B4 /* GeoCode.swift in Sources */,
				72C7BC7121F0434E00F3E7B4 /* TaxiOrdersView.swift in Sources */,
				72C7BC6521F03DBC00F3E7B4 /* GetDistance.swift in Sources */,
			);
			runOnlyForDeploymentPostprocessing = 0;
		};
/* End PBXSourcesBuildPhase section */

/* Begin PBXVariantGroup section */
		72C7BC4621F03B1300F3E7B4 /* LaunchScreen.storyboard */ = {
			isa = PBXVariantGroup;
			children = (
				72C7BC4721F03B1300F3E7B4 /* Base */,
			);
			name = LaunchScreen.storyboard;
			sourceTree = "<group>";
		};
/* End PBXVariantGroup section */

/* Begin XCBuildConfiguration section */
		72C7BC4A21F03B1300F3E7B4 /* Debug */ = {
			isa = XCBuildConfiguration;
			buildSettings = {
				ALWAYS_SEARCH_USER_PATHS = NO;
				CLANG_ANALYZER_NONNULL = YES;
				CLANG_ANALYZER_NUMBER_OBJECT_CONVERSION = YES_AGGRESSIVE;
				CLANG_CXX_LANGUAGE_STANDARD = "gnu++14";
				CLANG_CXX_LIBRARY = "libc++";
				CLANG_ENABLE_MODULES = YES;
				CLANG_ENABLE_OBJC_ARC = YES;
				CLANG_ENABLE_OBJC_WEAK = YES;
				CLANG_WARN_BLOCK_CAPTURE_AUTORELEASING = YES;
				CLANG_WARN_BOOL_CONVERSION = YES;
				CLANG_WARN_COMMA = YES;
				CLANG_WARN_CONSTANT_CONVERSION = YES;
				CLANG_WARN_DEPRECATED_OBJC_IMPLEMENTATIONS = YES;
				CLANG_WARN_DIRECT_OBJC_ISA_USAGE = YES_ERROR;
				CLANG_WARN_DOCUMENTATION_COMMENTS = YES;
				CLANG_WARN_EMPTY_BODY = YES;
				CLANG_WARN_ENUM_CONVERSION = YES;
				CLANG_WARN_INFINITE_RECURSION = YES;
				CLANG_WARN_INT_CONVERSION = YES;
				CLANG_WARN_NON_LITERAL_NULL_CONVERSION = YES;
				CLANG_WARN_OBJC_IMPLICIT_RETAIN_SELF = YES;
				CLANG_WARN_OBJC_LITERAL_CONVERSION = YES;
				CLANG_WARN_OBJC_ROOT_CLASS = YES_ERROR;
				CLANG_WARN_RANGE_LOOP_ANALYSIS = YES;
				CLANG_WARN_STRICT_PROTOTYPES = YES;
				CLANG_WARN_SUSPICIOUS_MOVE = YES;
				CLANG_WARN_UNGUARDED_AVAILABILITY = YES_AGGRESSIVE;
				CLANG_WARN_UNREACHABLE_CODE = YES;
				CLANG_WARN__DUPLICATE_METHOD_MATCH = YES;
				CODE_SIGN_IDENTITY = "iPhone Developer";
				COPY_PHASE_STRIP = NO;
				DEBUG_INFORMATION_FORMAT = dwarf;
				ENABLE_STRICT_OBJC_MSGSEND = YES;
				ENABLE_TESTABILITY = YES;
				GCC_C_LANGUAGE_STANDARD = gnu11;
				GCC_DYNAMIC_NO_PIC = NO;
				GCC_NO_COMMON_BLOCKS = YES;
				GCC_OPTIMIZATION_LEVEL = 0;
				GCC_PREPROCESSOR_DEFINITIONS = (
					"DEBUG=1",
					"$(inherited)",
				);
				GCC_WARN_64_TO_32_BIT_CONVERSION = YES;
				GCC_WARN_ABOUT_RETURN_TYPE = YES_ERROR;
				GCC_WARN_UNDECLARED_SELECTOR = YES;
				GCC_WARN_UNINITIALIZED_AUTOS = YES_AGGRESSIVE;
				GCC_WARN_UNUSED_FUNCTION = YES;
				GCC_WARN_UNUSED_VARIABLE = YES;
				IPHONEOS_DEPLOYMENT_TARGET = 12.1;
				MTL_ENABLE_DEBUG_INFO = INCLUDE_SOURCE;
				MTL_FAST_MATH = YES;
				ONLY_ACTIVE_ARCH = YES;
				SDKROOT = iphoneos;
				SWIFT_ACTIVE_COMPILATION_CONDITIONS = DEBUG;
				SWIFT_OPTIMIZATION_LEVEL = "-Onone";
			};
			name = Debug;
		};
		72C7BC4B21F03B1300F3E7B4 /* Release */ = {
			isa = XCBuildConfiguration;
			buildSettings = {
				ALWAYS_SEARCH_USER_PATHS = NO;
				CLANG_ANALYZER_NONNULL = YES;
				CLANG_ANALYZER_NUMBER_OBJECT_CONVERSION = YES_AGGRESSIVE;
				CLANG_CXX_LANGUAGE_STANDARD = "gnu++14";
				CLANG_CXX_LIBRARY = "libc++";
				CLANG_ENABLE_MODULES = YES;
				CLANG_ENABLE_OBJC_ARC = YES;
				CLANG_ENABLE_OBJC_WEAK = YES;
				CLANG_WARN_BLOCK_CAPTURE_AUTORELEASING = YES;
				CLANG_WARN_BOOL_CONVERSION = YES;
				CLANG_WARN_COMMA = YES;
				CLANG_WARN_CONSTANT_CONVERSION = YES;
				CLANG_WARN_DEPRECATED_OBJC_IMPLEMENTATIONS = YES;
				CLANG_WARN_DIRECT_OBJC_ISA_USAGE = YES_ERROR;
				CLANG_WARN_DOCUMENTATION_COMMENTS = YES;
				CLANG_WARN_EMPTY_BODY = YES;
				CLANG_WARN_ENUM_CONVERSION = YES;
				CLANG_WARN_INFINITE_RECURSION = YES;
				CLANG_WARN_INT_CONVERSION = YES;
				CLANG_WARN_NON_LITERAL_NULL_CONVERSION = YES;
				CLANG_WARN_OBJC_IMPLICIT_RETAIN_SELF = YES;
				CLANG_WARN_OBJC_LITERAL_CONVERSION = YES;
				CLANG_WARN_OBJC_ROOT_CLASS = YES_ERROR;
				CLANG_WARN_RANGE_LOOP_ANALYSIS = YES;
				CLANG_WARN_STRICT_PROTOTYPES = YES;
				CLANG_WARN_SUSPICIOUS_MOVE = YES;
				CLANG_WARN_UNGUARDED_AVAILABILITY = YES_AGGRESSIVE;
				CLANG_WARN_UNREACHABLE_CODE = YES;
				CLANG_WARN__DUPLICATE_METHOD_MATCH = YES;
				CODE_SIGN_IDENTITY = "iPhone Developer";
				COPY_PHASE_STRIP = NO;
				DEBUG_INFORMATION_FORMAT = "dwarf-with-dsym";
				ENABLE_NS_ASSERTIONS = NO;
				ENABLE_STRICT_OBJC_MSGSEND = YES;
				GCC_C_LANGUAGE_STANDARD = gnu11;
				GCC_NO_COMMON_BLOCKS = YES;
				GCC_WARN_64_TO_32_BIT_CONVERSION = YES;
				GCC_WARN_ABOUT_RETURN_TYPE = YES_ERROR;
				GCC_WARN_UNDECLARED_SELECTOR = YES;
				GCC_WARN_UNINITIALIZED_AUTOS = YES_AGGRESSIVE;
				GCC_WARN_UNUSED_FUNCTION = YES;
				GCC_WARN_UNUSED_VARIABLE = YES;
				IPHONEOS_DEPLOYMENT_TARGET = 12.1;
				MTL_ENABLE_DEBUG_INFO = NO;
				MTL_FAST_MATH = YES;
				SDKROOT = iphoneos;
				SWIFT_COMPILATION_MODE = wholemodule;
				SWIFT_OPTIMIZATION_LEVEL = "-O";
				VALIDATE_PRODUCT = YES;
			};
			name = Release;
		};
		72C7BC4D21F03B1300F3E7B4 /* Debug */ = {
			isa = XCBuildConfiguration;
			baseConfigurationReference = 4B3D77FF561A661056F580FB /* Pods-ChyngizCodeSample.debug.xcconfig */;
			buildSettings = {
				ASSETCATALOG_COMPILER_APPICON_NAME = AppIcon;
				CODE_SIGN_STYLE = Automatic;
				DEVELOPMENT_TEAM = D26TWZU8R5;
				INFOPLIST_FILE = ChyngizCodeSample/Info.plist;
				LD_RUNPATH_SEARCH_PATHS = (
					"$(inherited)",
					"@executable_path/Frameworks",
				);
				PRODUCT_BUNDLE_IDENTIFIER = cheena.ChyngizCodeSample;
				PRODUCT_NAME = "$(TARGET_NAME)";
				SWIFT_VERSION = 4.2;
				TARGETED_DEVICE_FAMILY = 1;
			};
			name = Debug;
		};
		72C7BC4E21F03B1300F3E7B4 /* Release */ = {
			isa = XCBuildConfiguration;
			baseConfigurationReference = 2B663E9DB94683D5E73D0ACE /* Pods-ChyngizCodeSample.release.xcconfig */;
			buildSettings = {
				ASSETCATALOG_COMPILER_APPICON_NAME = AppIcon;
				CODE_SIGN_STYLE = Automatic;
				DEVELOPMENT_TEAM = D26TWZU8R5;
				INFOPLIST_FILE = ChyngizCodeSample/Info.plist;
				LD_RUNPATH_SEARCH_PATHS = (
					"$(inherited)",
					"@executable_path/Frameworks",
				);
				PRODUCT_BUNDLE_IDENTIFIER = cheena.ChyngizCodeSample;
				PRODUCT_NAME = "$(TARGET_NAME)";
				SWIFT_VERSION = 4.2;
				TARGETED_DEVICE_FAMILY = 1;
			};
			name = Release;
		};
/* End XCBuildConfiguration section */

/* Begin XCConfigurationList section */
		72C7BC3521F03B1100F3E7B4 /* Build configuration list for PBXProject "ChyngizCodeSample" */ = {
			isa = XCConfigurationList;
			buildConfigurations = (
				72C7BC4A21F03B1300F3E7B4 /* Debug */,
				72C7BC4B21F03B1300F3E7B4 /* Release */,
			);
			defaultConfigurationIsVisible = 0;
			defaultConfigurationName = Release;
		};
		72C7BC4C21F03B1300F3E7B4 /* Build configuration list for PBXNativeTarget "ChyngizCodeSample" */ = {
			isa = XCConfigurationList;
			buildConfigurations = (
				72C7BC4D21F03B1300F3E7B4 /* Debug */,
				72C7BC4E21F03B1300F3E7B4 /* Release */,
			);
			defaultConfigurationIsVisible = 0;
			defaultConfigurationName = Release;
		};
/* End XCConfigurationList section */
	};
	rootObject = 72C7BC3221F03B1100F3E7B4 /* Project object */;
}
